Microsoft Visual Studio Solution File, Format Version 12.00
# Visual Studio Version 17
VisualStudioVersion = 17.0.31903.59
MinimumVisualStudioVersion = 10.0.40219.1
Project("{8BC9CEB8-8B4A-11D0-8D11-00A0C91BC942}") = "JohnSmith", "JohnSmith.vcxproj", "{E36AEAC1-ECE8-4E4D-B755-D4575541EC8F}"
EndProject
Project("{8BC9CEB8-8B4A-11D0-8D11-00A0C91BC942}") = "vmexit-bench", "tools\vmexit-bench\vmexit-bench.vcxproj", "{4EB727DA-8184-4E79-8301-4323C89DB217}"
EndProject
Global
	GlobalSection(SolutionConfigurationPlatforms) = preSolution
		Debug|x64 = Debug|x64
		Release|x64 = Release|x64
	EndGlobalSection
	GlobalSection(ProjectConfigurationPlatforms) = postSolution
		{E36AEAC1-ECE8-4E4D-B755-D4575541EC8F}.Debug|x64.ActiveCfg = Debug|x64
		{E36AEAC1-ECE8-4E4D-B755-D4575541EC8F}.Debug|x64.Build.0 = Debug|x64
		{E36AEAC1-ECE8-4E4D-B755-D4575541EC8F}.Release|x64.ActiveCfg = Release|x64
		{E36AEAC1-ECE8-4E4D-B755-D4575541EC8F}.Release|x64.Build.0 = Release|x64
		{4EB727DA-8184-4E79-8301-4323C89DB217}.Debug|x64.ActiveCfg = Release|x64
		{4EB727DA-8184-4E79-8301-4323C89DB217}.Debug|x64.Build.0 = Release|x64
		{4EB727DA-8184-4E79-8301-4323C89DB217}.Release|x64.ActiveCfg = Release|x64
		{4EB727DA-8184-4E79-8301-4323C89DB217}.Release|x64.Build.0 = Release|x64
	EndGlobalSection
	GlobalSection(SolutionProperties) = preSolution
		HideSolutionNode = FALSE
	EndGlobalSection
EndGlobal
